// !$*UTF8*$!
{
	archiveVersion = 1;
	classes = {
	};
	objectVersion = 46;
	objects = {

/* Begin PBXBuildFile section */
		6012E1F518E342DF002D63CC /* Foundation.framework in Frameworks */ = {isa = PBXBuildFile; fileRef = 6012E1F418E342DF002D63CC /* Foundation.framework */; };
		6012E1F718E342DF002D63CC /* CoreGraphics.framework in Frameworks */ = {isa = PBXBuildFile; fileRef = 6012E1F618E342DF002D63CC /* CoreGraphics.framework */; };
		6012E1F918E342DF002D63CC /* UIKit.framework in Frameworks */ = {isa = PBXBuildFile; fileRef = 6012E1F818E342DF002D63CC /* UIKit.framework */; };
		6012E1FF18E342DF002D63CC /* InfoPlist.strings in Resources */ = {isa = PBXBuildFile; fileRef = 6012E1FD18E342DF002D63CC /* InfoPlist.strings */; };
		6012E20118E342DF002D63CC /* main.m in Sources */ = {isa = PBXBuildFile; fileRef = 6012E20018E342DF002D63CC /* main.m */; };
		6012E20518E342DF002D63CC /* AppDelegate.m in Sources */ = {isa = PBXBuildFile; fileRef = 6012E20418E342DF002D63CC /* AppDelegate.m */; };
		6012E20718E342DF002D63CC /* Images.xcassets in Resources */ = {isa = PBXBuildFile; fileRef = 6012E20618E342DF002D63CC /* Images.xcassets */; };
		6012E20E18E342DF002D63CC /* XCTest.framework in Frameworks */ = {isa = PBXBuildFile; fileRef = 6012E20D18E342DF002D63CC /* XCTest.framework */; };
		6012E20F18E342DF002D63CC /* Foundation.framework in Frameworks */ = {isa = PBXBuildFile; fileRef = 6012E1F418E342DF002D63CC /* Foundation.framework */; };
		6012E21018E342DF002D63CC /* UIKit.framework in Frameworks */ = {isa = PBXBuildFile; fileRef = 6012E1F818E342DF002D63CC /* UIKit.framework */; };
		6012E21818E342DF002D63CC /* InfoPlist.strings in Resources */ = {isa = PBXBuildFile; fileRef = 6012E21618E342DF002D63CC /* InfoPlist.strings */; };
		6012E21A18E342DF002D63CC /* _14_NSStrigsTests.m in Sources */ = {isa = PBXBuildFile; fileRef = 6012E21918E342DF002D63CC /* _14_NSStrigsTests.m */; };
/* End PBXBuildFile section */

/* Begin PBXContainerItemProxy section */
		6012E21118E342DF002D63CC /* PBXContainerItemProxy */ = {
			isa = PBXContainerItemProxy;
			containerPortal = 6012E1E918E342DF002D63CC /* Project object */;
			proxyType = 1;
			remoteGlobalIDString = 6012E1F018E342DF002D63CC;
			remoteInfo = _14_NSStrigs;
		};
/* End PBXContainerItemProxy section */

/* Begin PBXFileReference section */
		6012E1F118E342DF002D63CC /* _14_NSStrigs.app */ = {isa = PBXFileReference; explicitFileType = wrapper.application; includeInIndex = 0; path = _14_NSStrigs.app; sourceTree = BUILT_PRODUCTS_DIR; };
		6012E1F418E342DF002D63CC /* Foundation.framework */ = {isa = PBXFileReference; lastKnownFileType = wrapper.framework; name = Foundation.framework; path = System/Library/Frameworks/Foundation.framework; sourceTree = SDKROOT; };
		6012E1F618E342DF002D63CC /* CoreGraphics.framework */ = {isa = PBXFileReference; lastKnownFileType = wrapper.framework; name = CoreGraphics.framework; path = System/Library/Frameworks/CoreGraphics.framework; sourceTree = SDKROOT; };
		6012E1F818E342DF002D63CC /* UIKit.framework */ = {isa = PBXFileReference; lastKnownFileType = wrapper.framework; name = UIKit.framework; path = System/Library/Frameworks/UIKit.framework; sourceTree = SDKROOT; };
		6012E1FC18E342DF002D63CC /* _14_NSStrigs-Info.plist */ = {isa = PBXFileReference; lastKnownFileType = text.plist.xml; path = "_14_NSStrigs-Info.plist"; sourceTree = "<group>"; };
		6012E1FE18E342DF002D63CC /* en */ = {isa = PBXFileReference; lastKnownFileType = text.plist.strings; name = en; path = en.lproj/InfoPlist.strings; sourceTree = "<group>"; };
		6012E20018E342DF002D63CC /* main.m */ = {isa = PBXFileReference; lastKnownFileType = sourcecode.c.objc; path = main.m; sourceTree = "<group>"; };
		6012E20218E342DF002D63CC /* _14_NSStrigs-Prefix.pch */ = {isa = PBXFileReference; lastKnownFileType = sourcecode.c.h; path = "_14_NSStrigs-Prefix.pch"; sourceTree = "<group>"; };
		6012E20318E342DF002D63CC /* AppDelegate.h */ = {isa = PBXFileReference; lastKnownFileType = sourcecode.c.h; path = AppDelegate.h; sourceTree = "<group>"; };
		6012E20418E342DF002D63CC /* AppDelegate.m */ = {isa = PBXFileReference; lastKnownFileType = sourcecode.c.objc; path = AppDelegate.m; sourceTree = "<group>"; };
		6012E20618E342DF002D63CC /* Images.xcassets */ = {isa = PBXFileReference; lastKnownFileType = folder.assetcatalog; path = Images.xcassets; sourceTree = "<group>"; };
		6012E20C18E342DF002D63CC /* _14_NSStrigsTests.xctest */ = {isa = PBXFileReference; explicitFileType = wrapper.cfbundle; includeInIndex = 0; path = _14_NSStrigsTests.xctest; sourceTree = BUILT_PRODUCTS_DIR; };
		6012E20D18E342DF002D63CC /* XCTest.framework */ = {isa = PBXFileReference; lastKnownFileType = wrapper.framework; name = XCTest.framework; path = Library/Frameworks/XCTest.framework; sourceTree = DEVELOPER_DIR; };
		6012E21518E342DF002D63CC /* _14_NSStrigsTests-Info.plist */ = {isa = PBXFileReference; lastKnownFileType = text.plist.xml; path = "_14_NSStrigsTests-Info.plist"; sourceTree = "<group>"; };
		6012E21718E342DF002D63CC /* en */ = {isa = PBXFileReference; lastKnownFileType = text.plist.strings; name = en; path = en.lproj/InfoPlist.strings; sourceTree = "<group>"; };
		6012E21918E342DF002D63CC /* _14_NSStrigsTests.m */ = {isa = PBXFileReference; lastKnownFileType = sourcecode.c.objc; path = _14_NSStrigsTests.m; sourceTree = "<group>"; };
/* End PBXFileReference section */

/* Begin PBXFrameworksBuildPhase section */
		6012E1EE18E342DF002D63CC /* Frameworks */ = {
			isa = PBXFrameworksBuildPhase;
			buildActionMask = 2147483647;
			files = (
				6012E1F718E342DF002D63CC /* CoreGraphics.framework in Frameworks */,
				6012E1F918E342DF002D63CC /* UIKit.framework in Frameworks */,
				6012E1F518E342DF002D63CC /* Foundation.framework in Frameworks */,
			);
			runOnlyForDeploymentPostprocessing = 0;
		};
		6012E20918E342DF002D63CC /* Frameworks */ = {
			isa = PBXFrameworksBuildPhase;
			buildActionMask = 2147483647;
			files = (
				6012E20E18E342DF002D63CC /* XCTest.framework in Frameworks */,
				6012E21018E342DF002D63CC /* UIKit.framework in Frameworks */,
				6012E20F18E342DF002D63CC /* Foundation.framework in Frameworks */,
			);
			runOnlyForDeploymentPostprocessing = 0;
		};
/* End PBXFrameworksBuildPhase section */

/* Begin PBXGroup section */
		6012E1E818E342DF002D63CC = {
			isa = PBXGroup;
			children = (
				6012E1FA18E342DF002D63CC /* _14_NSStrigs */,
				6012E21318E342DF002D63CC /* _14_NSStrigsTests */,
				6012E1F318E342DF002D63CC /* Frameworks */,
				6012E1F218E342DF002D63CC /* Products */,
			);
			sourceTree = "<group>";
		};
		6012E1F218E342DF002D63CC /* Products */ = {
			isa = PBXGroup;
			children = (
				6012E1F118E342DF002D63CC /* _14_NSStrigs.app */,
				6012E20C18E342DF002D63CC /* _14_NSStrigsTests.xctest */,
			);
			name = Products;
			sourceTree = "<group>";
		};
		6012E1F318E342DF002D63CC /* Frameworks */ = {
			isa = PBXGroup;
			children = (
				6012E1F418E342DF002D63CC /* Foundation.framework */,
				6012E1F618E342DF002D63CC /* CoreGraphics.framework */,
				6012E1F818E342DF002D63CC /* UIKit.framework */,
				6012E20D18E342DF002D63CC /* XCTest.framework */,
			);
			name = Frameworks;
			sourceTree = "<group>";
		};
		6012E1FA18E342DF002D63CC /* _14_NSStrigs */ = {
			isa = PBXGroup;
			children = (
				6012E20318E342DF002D63CC /* AppDelegate.h */,
				6012E20418E342DF002D63CC /* AppDelegate.m */,
				6012E20618E342DF002D63CC /* Images.xcassets */,
				6012E1FB18E342DF002D63CC /* Supporting Files */,
			);
			path = _14_NSStrigs;
			sourceTree = "<group>";
		};
		6012E1FB18E342DF002D63CC /* Supporting Files */ = {
			isa = PBXGroup;
			children = (
				6012E1FC18E342DF002D63CC /* _14_NSStrigs-Info.plist */,
				6012E1FD18E342DF002D63CC /* InfoPlist.strings */,
				6012E20018E342DF002D63CC /* main.m */,
				6012E20218E342DF002D63CC /* _14_NSStrigs-Prefix.pch */,
			);
			name = "Supporting Files";
			sourceTree = "<group>";
		};
		6012E21318E342DF002D63CC /* _14_NSStrigsTests */ = {
			isa = PBXGroup;
			children = (
				6012E21918E342DF002D63CC /* _14_NSStrigsTests.m */,
				6012E21418E342DF002D63CC /* Supporting Files */,
			);
			path = _14_NSStrigsTests;
			sourceTree = "<group>";
		};
		6012E21418E342DF002D63CC /* Supporting Files */ = {
			isa = PBXGroup;
			children = (
				6012E21518E342DF002D63CC /* _14_NSStrigsTests-Info.plist */,
				6012E21618E342DF002D63CC /* InfoPlist.strings */,
			);
			name = "Supporting Files";
			sourceTree = "<group>";
		};
/* End PBXGroup section */

/* Begin PBXNativeTarget section */
		6012E1F018E342DF002D63CC /* _14_NSStrigs */ = {
			isa = PBXNativeTarget;
			buildConfigurationList = 6012E21D18E342DF002D63CC /* Build configuration list for PBXNativeTarget "_14_NSStrigs" */;
			buildPhases = (
				6012E1ED18E342DF002D63CC /* Sources */,
				6012E1EE18E342DF002D63CC /* Frameworks */,
				6012E1EF18E342DF002D63CC /* Resources */,
			);
			buildRules = (
			);
			dependencies = (
			);
			name = _14_NSStrigs;
			productName = _14_NSStrigs;
			productReference = 6012E1F118E342DF002D63CC /* _14_NSStrigs.app */;
			productType = "com.apple.product-type.application";
		};
		6012E20B18E342DF002D63CC /* _14_NSStrigsTests */ = {
			isa = PBXNativeTarget;
			buildConfigurationList = 6012E22018E342DF002D63CC /* Build configuration list for PBXNativeTarget "_14_NSStrigsTests" */;
			buildPhases = (
				6012E20818E342DF002D63CC /* Sources */,
				6012E20918E342DF002D63CC /* Frameworks */,
				6012E20A18E342DF002D63CC /* Resources */,
			);
			buildRules = (
			);
			dependencies = (
				6012E21218E342DF002D63CC /* PBXTargetDependency */,
			);
			name = _14_NSStrigsTests;
			productName = _14_NSStrigsTests;
			productReference = 6012E20C18E342DF002D63CC /* _14_NSStrigsTests.xctest */;
			productType = "com.apple.product-type.bundle.unit-test";
		};
/* End PBXNativeTarget section */

/* Begin PBXProject section */
		6012E1E918E342DF002D63CC /* Project object */ = {
			isa = PBXProject;
			attributes = {
				LastUpgradeCheck = 0510;
				ORGANIZATIONNAME = Evgenia;
				TargetAttributes = {
					6012E20B18E342DF002D63CC = {
						TestTargetID = 6012E1F018E342DF002D63CC;
					};
				};
			};
			buildConfigurationList = 6012E1EC18E342DF002D63CC /* Build configuration list for PBXProject "_14_NSStrigs" */;
			compatibilityVersion = "Xcode 3.2";
			developmentRegion = English;
			hasScannedForEncodings = 0;
			knownRegions = (
				en,
			);
			mainGroup = 6012E1E818E342DF002D63CC;
			productRefGroup = 6012E1F218E342DF002D63CC /* Products */;
			projectDirPath = "";
			projectRoot = "";
			targets = (
				6012E1F018E342DF002D63CC /* _14_NSStrigs */,
				6012E20B18E342DF002D63CC /* _14_NSStrigsTests */,
			);
		};
/* End PBXProject section */

/* Begin PBXResourcesBuildPhase section */
		6012E1EF18E342DF002D63CC /* Resources */ = {
			isa = PBXResourcesBuildPhase;
			buildActionMask = 2147483647;
			files = (
				6012E1FF18E342DF002D63CC /* InfoPlist.strings in Resources */,
				6012E20718E342DF002D63CC /* Images.xcassets in Resources */,
			);
			runOnlyForDeploymentPostprocessing = 0;
		};
		6012E20A18E342DF002D63CC /* Resources */ = {
			isa = PBXResourcesBuildPhase;
			buildActionMask = 2147483647;
			files = (
				6012E21818E342DF002D63CC /* InfoPlist.strings in Resources */,
			);
			runOnlyForDeploymentPostprocessing = 0;
		};
/* End PBXResourcesBuildPhase section */

/* Begin PBXSourcesBuildPhase section */
		6012E1ED18E342DF002D63CC /* Sources */ = {
			isa = PBXSourcesBuildPhase;
			buildActionMask = 2147483647;
			files = (
				6012E20518E342DF002D63CC /* AppDelegate.m in Sources */,
				6012E20118E342DF002D63CC /* main.m in Sources */,
			);
			runOnlyForDeploymentPostprocessing = 0;
		};
		6012E20818E342DF002D63CC /* Sources */ = {
			isa = PBXSourcesBuildPhase;
			buildActionMask = 2147483647;
			files = (
				6012E21A18E342DF002D63CC /* _14_NSStrigsTests.m in Sources */,
			);
			runOnlyForDeploymentPostprocessing = 0;
		};
/* End PBXSourcesBuildPhase section */

/* Begin PBXTargetDependency section */
		6012E21218E342DF002D63CC /* PBXTargetDependency */ = {
			isa = PBXTargetDependency;
			target = 6012E1F018E342DF002D63CC /* _14_NSStrigs */;
			targetProxy = 6012E21118E342DF002D63CC /* PBXContainerItemProxy */;
		};
/* End PBXTargetDependency section */

/* Begin PBXVariantGroup section */
		6012E1FD18E342DF002D63CC /* InfoPlist.strings */ = {
			isa = PBXVariantGroup;
			children = (
				6012E1FE18E342DF002D63CC /* en */,
			);
			name = InfoPlist.strings;
			sourceTree = "<group>";
		};
		6012E21618E342DF002D63CC /* InfoPlist.strings */ = {
			isa = PBXVariantGroup;
			children = (
				6012E21718E342DF002D63CC /* en */,
			);
			name = InfoPlist.strings;
			sourceTree = "<group>";
		};
/* End PBXVariantGroup section */

/* Begin XCBuildConfiguration section */
		6012E21B18E342DF002D63CC /* Debug */ = {
			isa = XCBuildConfiguration;
			buildSettings = {
				ALWAYS_SEARCH_USER_PATHS = NO;
				CLANG_CXX_LANGUAGE_STANDARD = "gnu++0x";
				CLANG_CXX_LIBRARY = "libc++";
				CLANG_ENABLE_MODULES = YES;
				CLANG_ENABLE_OBJC_ARC = YES;
				CLANG_WARN_BOOL_CONVERSION = YES;
				CLANG_WARN_CONSTANT_CONVERSION = YES;
				CLANG_WARN_DIRECT_OBJC_ISA_USAGE = YES_ERROR;
				CLANG_WARN_EMPTY_BODY = YES;
				CLANG_WARN_ENUM_CONVERSION = YES;
				CLANG_WARN_INT_CONVERSION = YES;
				CLANG_WARN_OBJC_ROOT_CLASS = YES_ERROR;
				CLANG_WARN__DUPLICATE_METHOD_MATCH = YES;
				"CODE_SIGN_IDENTITY[sdk=iphoneos*]" = "iPhone Developer";
				COPY_PHASE_STRIP = NO;
				GCC_C_LANGUAGE_STANDARD = gnu99;
				GCC_DYNAMIC_NO_PIC = NO;
				GCC_OPTIMIZATION_LEVEL = 0;
				GCC_PREPROCESSOR_DEFINITIONS = (
					"DEBUG=1",
					"$(inherited)",
				);
				GCC_SYMBOLS_PRIVATE_EXTERN = NO;
				GCC_WARN_64_TO_32_BIT_CONVERSION = YES;
				GCC_WARN_ABOUT_RETURN_TYPE = YES_ERROR;
				GCC_WARN_UNDECLARED_SELECTOR = YES;
				GCC_WARN_UNINITIALIZED_AUTOS = YES_AGGRESSIVE;
				GCC_WARN_UNUSED_FUNCTION = YES;
				GCC_WARN_UNUSED_VARIABLE = YES;
				IPHONEOS_DEPLOYMENT_TARGET = 7.1;
				ONLY_ACTIVE_ARCH = YES;
				SDKROOT = iphoneos;
			};
			name = Debug;
		};
		6012E21C18E342DF002D63CC /* Release */ = {
			isa = XCBuildConfiguration;
			buildSettings = {
				ALWAYS_SEARCH_USER_PATHS = NO;
				CLANG_CXX_LANGUAGE_STANDARD = "gnu++0x";
				CLANG_CXX_LIBRARY = "libc++";
				CLANG_ENABLE_MODULES = YES;
				CLANG_ENABLE_OBJC_ARC = YES;
				CLANG_WARN_BOOL_CONVERSION = YES;
				CLANG_WARN_CONSTANT_CONVERSION = YES;
				CLANG_WARN_DIRECT_OBJC_ISA_USAGE = YES_ERROR;
				CLANG_WARN_EMPTY_BODY = YES;
				CLANG_WARN_ENUM_CONVERSION = YES;
				CLANG_WARN_INT_CONVERSION = YES;
				CLANG_WARN_OBJC_ROOT_CLASS = YES_ERROR;
				CLANG_WARN__DUPLICATE_METHOD_MATCH = YES;
				"CODE_SIGN_IDENTITY[sdk=iphoneos*]" = "iPhone Developer";
				COPY_PHASE_STRIP = YES;
				ENABLE_NS_ASSERTIONS = NO;
				GCC_C_LANGUAGE_STANDARD = gnu99;
				GCC_WARN_64_TO_32_BIT_CONVERSION = YES;
				GCC_WARN_ABOUT_RETURN_TYPE = YES_ERROR;
				GCC_WARN_UNDECLARED_SELECTOR = YES;
				GCC_WARN_UNINITIALIZED_AUTOS = YES_AGGRESSIVE;
				GCC_WARN_UNUSED_FUNCTION = YES;
				GCC_WARN_UNUSED_VARIABLE = YES;
				IPHONEOS_DEPLOYMENT_TARGET = 7.1;
				SDKROOT = iphoneos;
				VALIDATE_PRODUCT = YES;
			};
			name = Release;
		};
		6012E21E18E342DF002D63CC /* Debug */ = {
			isa = XCBuildConfiguration;
			buildSettings = {
				ASSETCATALOG_COMPILER_APPICON_NAME = AppIcon;
				ASSETCATALOG_COMPILER_LAUNCHIMAGE_NAME = LaunchImage;
				GCC_PRECOMPILE_PREFIX_HEADER = YES;
				GCC_PREFIX_HEADER = "_14_NSStrigs/_14_NSStrigs-Prefix.pch";
				INFOPLIST_FILE = "_14_NSStrigs/_14_NSStrigs-Info.plist";
				PRODUCT_NAME = "$(TARGET_NAME)";
				WRAPPER_EXTENSION = app;
			};
			name = Debug;
		};
		6012E21F18E342DF002D63CC /* Release */ = {
			isa = XCBuildConfiguration;
			buildSettings = {
				ASSETCATALOG_COMPILER_APPICON_NAME = AppIcon;
				ASSETCATALOG_COMPILER_LAUNCHIMAGE_NAME = LaunchImage;
				GCC_PRECOMPILE_PREFIX_HEADER = YES;
				GCC_PREFIX_HEADER = "_14_NSStrigs/_14_NSStrigs-Prefix.pch";
				INFOPLIST_FILE = "_14_NSStrigs/_14_NSStrigs-Info.plist";
				PRODUCT_NAME = "$(TARGET_NAME)";
				WRAPPER_EXTENSION = app;
			};
			name = Release;
		};
		6012E22118E342DF002D63CC /* Debug */ = {
			isa = XCBuildConfiguration;
			buildSettings = {
				BUNDLE_LOADER = "$(BUILT_PRODUCTS_DIR)/_14_NSStrigs.app/_14_NSStrigs";
				FRAMEWORK_SEARCH_PATHS = (
					"$(SDKROOT)/Developer/Library/Frameworks",
					"$(inherited)",
					"$(DEVELOPER_FRAMEWORKS_DIR)",
				);
				GCC_PRECOMPILE_PREFIX_HEADER = YES;
				GCC_PREFIX_HEADER = "_14_NSStrigs/_14_NSStrigs-Prefix.pch";
				GCC_PREPROCESSOR_DEFINITIONS = (
					"DEBUG=1",
					"$(inherited)",
				);
				INFOPLIST_FILE = "_14_NSStrigsTests/_14_NSStrigsTests-Info.plist";
				PRODUCT_NAME = "$(TARGET_NAME)";
				TEST_HOST = "$(BUNDLE_LOADER)";
				WRAPPER_EXTENSION = xctest;
			};
			name = Debug;
		};
		6012E22218E342DF002D63CC /* Release */ = {
			isa = XCBuildConfiguration;
			buildSettings = {
				BUNDLE_LOADER = "$(BUILT_PRODUCTS_DIR)/_14_NSStrigs.app/_14_NSStrigs";
				FRAMEWORK_SEARCH_PATHS = (
					"$(SDKROOT)/Developer/Library/Frameworks",
					"$(inherited)",
					"$(DEVELOPER_FRAMEWORKS_DIR)",
				);
				GCC_PRECOMPILE_PREFIX_HEADER = YES;
				GCC_PREFIX_HEADER = "_14_NSStrigs/_14_NSStrigs-Prefix.pch";
				INFOPLIST_FILE = "_14_NSStrigsTests/_14_NSStrigsTests-Info.plist";
				PRODUCT_NAME = "$(TARGET_NAME)";
				TEST_HOST = "$(BUNDLE_LOADER)";
				WRAPPER_EXTENSION = xctest;
			};
			name = Release;
		};
/* End XCBuildConfiguration section */

/* Begin XCConfigurationList section */
		6012E1EC18E342DF002D63CC /* Build configuration list for PBXProject "_14_NSStrigs" */ = {
			isa = XCConfigurationList;
			buildConfigurations = (
				6012E21B18E342DF002D63CC /* Debug */,
				6012E21C18E342DF002D63CC /* Release */,
			);
			defaultConfigurationIsVisible = 0;
			defaultConfigurationName = Release;
		};
		6012E21D18E342DF002D63CC /* Build configuration list for PBXNativeTarget "_14_NSStrigs" */ = {
			isa = XCConfigurationList;
			buildConfigurations = (
				6012E21E18E342DF002D63CC /* Debug */,
				6012E21F18E342DF002D63CC /* Release */,
			);
			defaultConfigurationIsVisible = 0;
		};
		6012E22018E342DF002D63CC /* Build configuration list for PBXNativeTarget "_14_NSStrigsTests" */ = {
			isa = XCConfigurationList;
			buildConfigurations = (
				6012E22118E342DF002D63CC /* Debug */,
				6012E22218E342DF002D63CC /* Release */,
			);
			defaultConfigurationIsVisible = 0;
		};
/* End XCConfigurationList section */
	};
	rootObject = 6012E1E918E342DF002D63CC /* Project object */;
}
